
Microsoft Visual Studio Solution File, Format Version 12.00
# Visual Studio Version 16
VisualStudioVersion = 16.0.30330.147
MinimumVisualStudioVersion = 10.0.40219.1
Project("{FAE04EC0-301F-11D3-BF4B-00C04F79EFBC}") = "PalindromeMultiThreadServer", "PalindromeMultiThreadServer\PalindromeMultiThreadServer.csproj", "{927D5C45-FED1-4CD7-94E2-6E39461C07E9}"
EndProject
Global
	GlobalSection(SolutionConfigurationPlatforms) = preSolution
		Debug|Any CPU = Debug|Any CPU
		Release|Any CPU = Release|Any CPU
	EndGlobalSection
	GlobalSection(ProjectConfigurationPlatforms) = postSolution
		{927D5C45-FED1-4CD7-94E2-6E39461C07E9}.Debug|Any CPU.ActiveCfg = Debug|Any CPU
		{927D5C45-FED1-4CD7-94E2-6E39461C07E9}.Debug|Any CPU.Build.0 = Debug|Any CPU
		{927D5C45-FED1-4CD7-94E2-6E39461C07E9}.Release|Any CPU.ActiveCfg = Release|Any CPU
		{927D5C45-FED1-4CD7-94E2-6E39461C07E9}.Release|Any CPU.Build.0 = Release|Any CPU
	EndGlobalSection
	GlobalSection(SolutionProperties) = preSolution
		HideSolutionNode = FALSE
	EndGlobalSection
	GlobalSection(ExtensibilityGlobals) = postSolution
		SolutionGuid = {404A4369-4DDB-4666-8166-C5E8546727EA}
	EndGlobalSection
EndGlobal
